
Microsoft Visual Studio Solution File, Format Version 12.00
# Visual Studio Version 16
VisualStudioVersion = 16.0.810.6
MinimumVisualStudioVersion = 10.0.40219.1
Project("{FAE04EC0-301F-11D3-BF4B-00C04F79EFBC}") = "Indexing", "Indexing\Indexing.csproj", "{104590DC-05FD-4DD3-A96C-C5BD58F751E7}"
EndProject
Project("{FAE04EC0-301F-11D3-BF4B-00C04F79EFBC}") = "IndexingGrains", "IndexingGrains\IndexingGrains.csproj", "{B781D9C8-BE85-4004-8CB7-F832021926D8}"
EndProject
Project("{FAE04EC0-301F-11D3-BF4B-00C04F79EFBC}") = "IndexingInterfaces", "IndexingInterfaces\IndexingInterfaces.csproj", "{A4B1B373-01D0-422A-9F42-8AF23C06817C}"
EndProject
Global
	GlobalSection(SolutionConfigurationPlatforms) = preSolution
		Debug|Any CPU = Debug|Any CPU
		Release|Any CPU = Release|Any CPU
	EndGlobalSection
	GlobalSection(ProjectConfigurationPlatforms) = postSolution
		{104590DC-05FD-4DD3-A96C-C5BD58F751E7}.Debug|Any CPU.ActiveCfg = Debug|Any CPU
		{104590DC-05FD-4DD3-A96C-C5BD58F751E7}.Debug|Any CPU.Build.0 = Debug|Any CPU
		{104590DC-05FD-4DD3-A96C-C5BD58F751E7}.Release|Any CPU.ActiveCfg = Release|Any CPU
		{104590DC-05FD-4DD3-A96C-C5BD58F751E7}.Release|Any CPU.Build.0 = Release|Any CPU
		{B781D9C8-BE85-4004-8CB7-F832021926D8}.Debug|Any CPU.ActiveCfg = Debug|Any CPU
		{B781D9C8-BE85-4004-8CB7-F832021926D8}.Debug|Any CPU.Build.0 = Debug|Any CPU
		{B781D9C8-BE85-4004-8CB7-F832021926D8}.Release|Any CPU.ActiveCfg = Release|Any CPU
		{B781D9C8-BE85-4004-8CB7-F832021926D8}.Release|Any CPU.Build.0 = Release|Any CPU
		{A4B1B373-01D0-422A-9F42-8AF23C06817C}.Debug|Any CPU.ActiveCfg = Debug|Any CPU
		{A4B1B373-01D0-422A-9F42-8AF23C06817C}.Debug|Any CPU.Build.0 = Debug|Any CPU
		{A4B1B373-01D0-422A-9F42-8AF23C06817C}.Release|Any CPU.ActiveCfg = Release|Any CPU
		{A4B1B373-01D0-422A-9F42-8AF23C06817C}.Release|Any CPU.Build.0 = Release|Any CPU
	EndGlobalSection
	GlobalSection(SolutionProperties) = preSolution
		HideSolutionNode = FALSE
	EndGlobalSection
	GlobalSection(ExtensibilityGlobals) = postSolution
		SolutionGuid = {131BCFC7-4F03-4612-B6DC-0DB98294EFFB}
	EndGlobalSection
EndGlobal
